
Microsoft Visual Studio Solution File, Format Version 12.00
# Visual Studio Version 16
VisualStudioVersion = 16.0.30517.126
MinimumVisualStudioVersion = 10.0.40219.1
Project("{FAE04EC0-301F-11D3-BF4B-00C04F79EFBC}") = "CyberKeep", "CyberKeep\CyberKeep.csproj", "{1C1C832B-AE7F-43BA-B840-7D00F9FBFAEA}"
EndProject
Global
	GlobalSection(SolutionConfigurationPlatforms) = preSolution
		Debug|Any CPU = Debug|Any CPU
		Release|Any CPU = Release|Any CPU
	EndGlobalSection
	GlobalSection(ProjectConfigurationPlatforms) = postSolution
		{1C1C832B-AE7F-43BA-B840-7D00F9FBFAEA}.Debug|Any CPU.ActiveCfg = Debug|Any CPU
		{1C1C832B-AE7F-43BA-B840-7D00F9FBFAEA}.Debug|Any CPU.Build.0 = Debug|Any CPU
		{1C1C832B-AE7F-43BA-B840-7D00F9FBFAEA}.Release|Any CPU.ActiveCfg = Release|Any CPU
		{1C1C832B-AE7F-43BA-B840-7D00F9FBFAEA}.Release|Any CPU.Build.0 = Release|Any CPU
	EndGlobalSection
	GlobalSection(SolutionProperties) = preSolution
		HideSolutionNode = FALSE
	EndGlobalSection
	GlobalSection(ExtensibilityGlobals) = postSolution
		SolutionGuid = {C707E959-3DF8-4B34-BF59-66D8F806E4F9}
	EndGlobalSection
EndGlobal
